PODS:
  - TSCubeEngineFoundationKit (1.0.1)

DEPENDENCIES:
  - TSCubeEngineFoundationKit (from `../`)

EXTERNAL SOURCES:
  TSCubeEngineFoundationKit:
    :path: "../"

SPEC CHECKSUMS:
  TSCubeEngineFoundationKit: 63bc44f4e27a7a6dddb960d8e9ed43ab10911778

PODFILE CHECKSUM: 29dfe43cab1f3337e91468ddcc89f1890d52cccf

COCOAPODS: 1.5.0
